
Microsoft Visual Studio Solution File, Format Version 12.00
# Visual Studio Version 16
VisualStudioVersion = 25.0.1704.2
MinimumVisualStudioVersion = 10.0.40219.1
Project("{FAE04EC0-301F-11D3-BF4B-00C04F79EFBC}") = "TodoApi", "TodoApi\TodoApi.csproj", "{A9626DD1-3A9A-4829-AA54-4BFF6D3D7D2A}"
EndProject
Global
	GlobalSection(SolutionConfigurationPlatforms) = preSolution
		Debug|Any CPU = Debug|Any CPU
		Release|Any CPU = Release|Any CPU
	EndGlobalSection
	GlobalSection(ProjectConfigurationPlatforms) = postSolution
		{A9626DD1-3A9A-4829-AA54-4BFF6D3D7D2A}.Debug|Any CPU.ActiveCfg = Debug|Any CPU
		{A9626DD1-3A9A-4829-AA54-4BFF6D3D7D2A}.Debug|Any CPU.Build.0 = Debug|Any CPU
		{A9626DD1-3A9A-4829-AA54-4BFF6D3D7D2A}.Release|Any CPU.ActiveCfg = Release|Any CPU
		{A9626DD1-3A9A-4829-AA54-4BFF6D3D7D2A}.Release|Any CPU.Build.0 = Release|Any CPU
	EndGlobalSection
	GlobalSection(SolutionProperties) = preSolution
		HideSolutionNode = FALSE
	EndGlobalSection
	GlobalSection(ExtensibilityGlobals) = postSolution
		SolutionGuid = {9FA2E210-C6D5-418B-A8C7-9223799FDAC8}
	EndGlobalSection
EndGlobal
